[[dependencies]]
name = "aave-v3-core"
version = "1.19.4"
git = "https://github.com/aave/aave-v3-core.git"
rev = "b74526a7bc67a3a117a1963fc871b3eb8cea8435"

[[dependencies]]
name = "forge-std"
version = "1.9.4"
url = "https://soldeer-revisions.s3.amazonaws.com/forge-std/1_9_4_25-10-2024_14:36:59_forge-std-1.9.zip"
checksum = "b5be24beb5e4dab5e42221b2ad1288b64c826bee5ee71b6159ba93ffe86f14d4"
integrity = "3874463846ab995a6a9a88412913cacec6144f7605daa1af57c2d8bf3f210b13"

[[dependencies]]
name = "morpho-blue"
version = "1.0.0"
git = "https://github.com/morpho-org/morpho-blue.git"
rev = "12b8a453643d5ef9d55abd88b9f8cfa866882aa5"

[[dependencies]]
name = "openzeppelin-contracts"
version = "5.1.0"
git = "https://github.com/OpenZeppelin/openzeppelin-contracts.git"
rev = "69c8def5f222ff96f2b5beff05dfba996368aa79"

[[dependencies]]
name = "openzeppelin-contracts-upgradeable"
version = "5.1.0"
git = "https://github.com/OpenZeppelin/openzeppelin-contracts-upgradeable.git"
rev = "fa525310e45f91eb20a6d3baa2644be8e0adba31"

[[dependencies]]
name = "solady"
version = "0.0.268"
git = "https://github.com/Vectorized/solady.git"
rev = "1dd8967b93b379ca6cf384640e0715e55ef08e3d"

[[dependencies]]
name = "solmate"
version = "6.8.0"
url = "https://soldeer-revisions.s3.amazonaws.com/solmate/6_8_0_29-10-2024_19:01:45_solmate.zip"
checksum = "e3ec0f0182cb3bbedecf8a0bcc39897266534a795ec732b2b03dafa285d78a5b"
integrity = "a22e5a352de0231f671ee8adf5667bbe83c50012670083987bd1099a69feb429"
